
Microsoft Visual Studio Solution File, Format Version 12.00
# Visual Studio Version 17
VisualStudioVersion = 17.3.32922.545
MinimumVisualStudioVersion = 10.0.40219.1
Project("{FAE04EC0-301F-11D3-BF4B-00C04F79EFBC}") = "ProyectoMongoRuben", "ProyectoMongoRuben\ProyectoMongoRuben.csproj", "{A36468D9-8904-4433-ABA4-257A85A1228F}"
EndProject
Global
	GlobalSection(SolutionConfigurationPlatforms) = preSolution
		Debug|Any CPU = Debug|Any CPU
		Release|Any CPU = Release|Any CPU
	EndGlobalSection
	GlobalSection(ProjectConfigurationPlatforms) = postSolution
		{A36468D9-8904-4433-ABA4-257A85A1228F}.Debug|Any CPU.ActiveCfg = Debug|Any CPU
		{A36468D9-8904-4433-ABA4-257A85A1228F}.Debug|Any CPU.Build.0 = Debug|Any CPU
		{A36468D9-8904-4433-ABA4-257A85A1228F}.Release|Any CPU.ActiveCfg = Release|Any CPU
		{A36468D9-8904-4433-ABA4-257A85A1228F}.Release|Any CPU.Build.0 = Release|Any CPU
	EndGlobalSection
	GlobalSection(SolutionProperties) = preSolution
		HideSolutionNode = FALSE
	EndGlobalSection
	GlobalSection(ExtensibilityGlobals) = postSolution
		SolutionGuid = {87B90F9A-5DF1-40CB-A732-565005754065}
	EndGlobalSection
EndGlobal
